
Microsoft Visual Studio Solution File, Format Version 12.00
# Visual Studio 15
VisualStudioVersion = 15.0.28307.271
MinimumVisualStudioVersion = 10.0.40219.1
Project("{FAE04EC0-301F-11D3-BF4B-00C04F79EFBC}") = "OblivionModPackInstaller", "OblivionModPackInstaller\OblivionModPackInstaller.csproj", "{C798E2EB-4275-4BDB-A02C-C4817E2DCB6B}"
EndProject
Global
	GlobalSection(SolutionConfigurationPlatforms) = preSolution
		Debug|Any CPU = Debug|Any CPU
		Release|Any CPU = Release|Any CPU
	EndGlobalSection
	GlobalSection(ProjectConfigurationPlatforms) = postSolution
		{C798E2EB-4275-4BDB-A02C-C4817E2DCB6B}.Debug|Any CPU.ActiveCfg = Debug|Any CPU
		{C798E2EB-4275-4BDB-A02C-C4817E2DCB6B}.Debug|Any CPU.Build.0 = Debug|Any CPU
		{C798E2EB-4275-4BDB-A02C-C4817E2DCB6B}.Release|Any CPU.ActiveCfg = Release|Any CPU
		{C798E2EB-4275-4BDB-A02C-C4817E2DCB6B}.Release|Any CPU.Build.0 = Release|Any CPU
	EndGlobalSection
	GlobalSection(SolutionProperties) = preSolution
		HideSolutionNode = FALSE
	EndGlobalSection
	GlobalSection(ExtensibilityGlobals) = postSolution
		SolutionGuid = {53FDF6CB-1254-4A25-9C04-BF74FE11160D}
	EndGlobalSection
EndGlobal
